
Microsoft Visual Studio Solution File, Format Version 12.00
# Visual Studio 14
VisualStudioVersion = 14.0.25123.0
MinimumVisualStudioVersion = 10.0.40219.1
Project("{FAE04EC0-301F-11D3-BF4B-00C04F79EFBC}") = "FilmStore.Core", "FilmStore.Core\FilmStore.Core.csproj", "{E957A5FE-2056-4EB6-976A-F75DEA572F84}"
EndProject
Project("{FAE04EC0-301F-11D3-BF4B-00C04F79EFBC}") = "FilmStore.UnitTests", "FilmStore.UnitTests\FilmStore.UnitTests.csproj", "{1FE9C577-E06E-4272-AC81-6DF790EC5C4C}"
EndProject
Global
	GlobalSection(SolutionConfigurationPlatforms) = preSolution
		Debug|Any CPU = Debug|Any CPU
		Release|Any CPU = Release|Any CPU
	EndGlobalSection
	GlobalSection(ProjectConfigurationPlatforms) = postSolution
		{E957A5FE-2056-4EB6-976A-F75DEA572F84}.Debug|Any CPU.ActiveCfg = Debug|Any CPU
		{E957A5FE-2056-4EB6-976A-F75DEA572F84}.Debug|Any CPU.Build.0 = Debug|Any CPU
		{E957A5FE-2056-4EB6-976A-F75DEA572F84}.Release|Any CPU.ActiveCfg = Release|Any CPU
		{E957A5FE-2056-4EB6-976A-F75DEA572F84}.Release|Any CPU.Build.0 = Release|Any CPU
		{1FE9C577-E06E-4272-AC81-6DF790EC5C4C}.Debug|Any CPU.ActiveCfg = Debug|Any CPU
		{1FE9C577-E06E-4272-AC81-6DF790EC5C4C}.Debug|Any CPU.Build.0 = Debug|Any CPU
		{1FE9C577-E06E-4272-AC81-6DF790EC5C4C}.Release|Any CPU.ActiveCfg = Release|Any CPU
		{1FE9C577-E06E-4272-AC81-6DF790EC5C4C}.Release|Any CPU.Build.0 = Release|Any CPU
	EndGlobalSection
	GlobalSection(SolutionProperties) = preSolution
		HideSolutionNode = FALSE
	EndGlobalSection
EndGlobal
